
Microsoft Visual Studio Solution File, Format Version 12.00
# Visual Studio Version 17
VisualStudioVersion = 17.1.32414.318
MinimumVisualStudioVersion = 10.0.40219.1
Project("{FAE04EC0-301F-11D3-BF4B-00C04F79EFBC}") = "Лаб5.1", "Лаб5.1\Лаб5.1.csproj", "{B3920C2F-CE2A-4389-99AA-1B942B8BDDCC}"
EndProject
Global
	GlobalSection(SolutionConfigurationPlatforms) = preSolution
		Debug|Any CPU = Debug|Any CPU
		Release|Any CPU = Release|Any CPU
	EndGlobalSection
	GlobalSection(ProjectConfigurationPlatforms) = postSolution
		{B3920C2F-CE2A-4389-99AA-1B942B8BDDCC}.Debug|Any CPU.ActiveCfg = Debug|Any CPU
		{B3920C2F-CE2A-4389-99AA-1B942B8BDDCC}.Debug|Any CPU.Build.0 = Debug|Any CPU
		{B3920C2F-CE2A-4389-99AA-1B942B8BDDCC}.Release|Any CPU.ActiveCfg = Release|Any CPU
		{B3920C2F-CE2A-4389-99AA-1B942B8BDDCC}.Release|Any CPU.Build.0 = Release|Any CPU
	EndGlobalSection
	GlobalSection(SolutionProperties) = preSolution
		HideSolutionNode = FALSE
	EndGlobalSection
	GlobalSection(ExtensibilityGlobals) = postSolution
		SolutionGuid = {983DCD77-CE35-4B09-9C68-F628FE35EEF4}
	EndGlobalSection
EndGlobal
